
Microsoft Visual Studio Solution File, Format Version 12.00
# Visual Studio 14
VisualStudioVersion = 14.0.23107.0
MinimumVisualStudioVersion = 10.0.40219.1
Project("{FAE04EC0-301F-11D3-BF4B-00C04F79EFBC}") = "AzureStorageLayer", "AzureStorageLayer\AzureStorageLayer.csproj", "{D83ABD5D-DB70-4077-BD64-6C45384B99F6}"
EndProject
Global
	GlobalSection(SolutionConfigurationPlatforms) = preSolution
		Debug|Any CPU = Debug|Any CPU
		Release|Any CPU = Release|Any CPU
	EndGlobalSection
	GlobalSection(ProjectConfigurationPlatforms) = postSolution
		{D83ABD5D-DB70-4077-BD64-6C45384B99F6}.Debug|Any CPU.ActiveCfg = Debug|Any CPU
		{D83ABD5D-DB70-4077-BD64-6C45384B99F6}.Debug|Any CPU.Build.0 = Debug|Any CPU
		{D83ABD5D-DB70-4077-BD64-6C45384B99F6}.Release|Any CPU.ActiveCfg = Release|Any CPU
		{D83ABD5D-DB70-4077-BD64-6C45384B99F6}.Release|Any CPU.Build.0 = Release|Any CPU
	EndGlobalSection
	GlobalSection(SolutionProperties) = preSolution
		HideSolutionNode = FALSE
	EndGlobalSection
EndGlobal
